
Microsoft Visual Studio Solution File, Format Version 12.00
# Visual Studio Version 17
VisualStudioVersion = 17.5.002.0
MinimumVisualStudioVersion = 10.0.40219.1
Project("{9A19103F-16F7-4668-BE54-9A1E7A4F7556}") = "UF", "UF\UF.csproj", "{FA2C6736-DE04-4FC2-B82C-31151815B268}"
EndProject
Global
	GlobalSection(SolutionConfigurationPlatforms) = preSolution
		Debug|Any CPU = Debug|Any CPU
		Release|Any CPU = Release|Any CPU
	EndGlobalSection
	GlobalSection(ProjectConfigurationPlatforms) = postSolution
		{FA2C6736-DE04-4FC2-B82C-31151815B268}.Debug|Any CPU.ActiveCfg = Debug|Any CPU
		{FA2C6736-DE04-4FC2-B82C-31151815B268}.Debug|Any CPU.Build.0 = Debug|Any CPU
		{FA2C6736-DE04-4FC2-B82C-31151815B268}.Release|Any CPU.ActiveCfg = Release|Any CPU
		{FA2C6736-DE04-4FC2-B82C-31151815B268}.Release|Any CPU.Build.0 = Release|Any CPU
	EndGlobalSection
	GlobalSection(SolutionProperties) = preSolution
		HideSolutionNode = FALSE
	EndGlobalSection
	GlobalSection(ExtensibilityGlobals) = postSolution
		SolutionGuid = {16CC50CE-9147-4B89-8828-DEF7C4680E26}
	EndGlobalSection
EndGlobal
